
Microsoft Visual Studio Solution File, Format Version 12.00
# Visual Studio Version 17
VisualStudioVersion = 17.3.32929.385
MinimumVisualStudioVersion = 10.0.40219.1
Project("{9A19103F-16F7-4668-BE54-9A1E7A4F7556}") = "AplicacaoGerenciamentoLoja", "AplicacaoGerenciamentoLoja.csproj", "{A00483CA-04F3-4967-8EDE-53C6035948E2}"
EndProject
Project("{9A19103F-16F7-4668-BE54-9A1E7A4F7556}") = "Core", "..\Core\Core.csproj", "{B349E3AA-DDA3-4AD9-A8D5-6B55B38A3F00}"
EndProject
Project("{9A19103F-16F7-4668-BE54-9A1E7A4F7556}") = "Vendas", "..\Vendas\Vendas.csproj", "{37E2E2D9-3134-4537-8128-8B386611F36E}"
EndProject
Project("{9A19103F-16F7-4668-BE54-9A1E7A4F7556}") = "Clientes", "..\Clientes\Clientes.csproj", "{92EA8B30-0B0D-401D-9A66-3802348744F1}"
EndProject
Project("{9A19103F-16F7-4668-BE54-9A1E7A4F7556}") = "Produtos", "..\Produtos\Produtos.csproj", "{69D5F2FA-FD0A-422F-B3B4-8B07F19BC700}"
EndProject
Global
	GlobalSection(SolutionConfigurationPlatforms) = preSolution
		Debug|Any CPU = Debug|Any CPU
		Release|Any CPU = Release|Any CPU
	EndGlobalSection
	GlobalSection(ProjectConfigurationPlatforms) = postSolution
		{A00483CA-04F3-4967-8EDE-53C6035948E2}.Debug|Any CPU.ActiveCfg = Debug|Any CPU
		{A00483CA-04F3-4967-8EDE-53C6035948E2}.Debug|Any CPU.Build.0 = Debug|Any CPU
		{A00483CA-04F3-4967-8EDE-53C6035948E2}.Release|Any CPU.ActiveCfg = Release|Any CPU
		{A00483CA-04F3-4967-8EDE-53C6035948E2}.Release|Any CPU.Build.0 = Release|Any CPU
		{B349E3AA-DDA3-4AD9-A8D5-6B55B38A3F00}.Debug|Any CPU.ActiveCfg = Debug|Any CPU
		{B349E3AA-DDA3-4AD9-A8D5-6B55B38A3F00}.Debug|Any CPU.Build.0 = Debug|Any CPU
		{B349E3AA-DDA3-4AD9-A8D5-6B55B38A3F00}.Release|Any CPU.ActiveCfg = Release|Any CPU
		{B349E3AA-DDA3-4AD9-A8D5-6B55B38A3F00}.Release|Any CPU.Build.0 = Release|Any CPU
		{37E2E2D9-3134-4537-8128-8B386611F36E}.Debug|Any CPU.ActiveCfg = Debug|Any CPU
		{37E2E2D9-3134-4537-8128-8B386611F36E}.Debug|Any CPU.Build.0 = Debug|Any CPU
		{37E2E2D9-3134-4537-8128-8B386611F36E}.Release|Any CPU.ActiveCfg = Release|Any CPU
		{37E2E2D9-3134-4537-8128-8B386611F36E}.Release|Any CPU.Build.0 = Release|Any CPU
		{92EA8B30-0B0D-401D-9A66-3802348744F1}.Debug|Any CPU.ActiveCfg = Debug|Any CPU
		{92EA8B30-0B0D-401D-9A66-3802348744F1}.Debug|Any CPU.Build.0 = Debug|Any CPU
		{92EA8B30-0B0D-401D-9A66-3802348744F1}.Release|Any CPU.ActiveCfg = Release|Any CPU
		{92EA8B30-0B0D-401D-9A66-3802348744F1}.Release|Any CPU.Build.0 = Release|Any CPU
		{69D5F2FA-FD0A-422F-B3B4-8B07F19BC700}.Debug|Any CPU.ActiveCfg = Debug|Any CPU
		{69D5F2FA-FD0A-422F-B3B4-8B07F19BC700}.Debug|Any CPU.Build.0 = Debug|Any CPU
		{69D5F2FA-FD0A-422F-B3B4-8B07F19BC700}.Release|Any CPU.ActiveCfg = Release|Any CPU
		{69D5F2FA-FD0A-422F-B3B4-8B07F19BC700}.Release|Any CPU.Build.0 = Release|Any CPU
	EndGlobalSection
	GlobalSection(SolutionProperties) = preSolution
		HideSolutionNode = FALSE
	EndGlobalSection
	GlobalSection(ExtensibilityGlobals) = postSolution
		SolutionGuid = {9C4A31D8-267A-47FB-98CD-2E96AF80A69B}
	EndGlobalSection
EndGlobal
